
Microsoft Visual Studio Solution File, Format Version 12.00
# Visual Studio Version 17
VisualStudioVersion = 17.8.34511.84
MinimumVisualStudioVersion = 10.0.40219.1
Project("{9A19103F-16F7-4668-BE54-9A1E7A4F7556}") = "contractclaimsystem", "contractclaimsystem.csproj", "{94AD7856-5368-4F80-977B-F1F988C8F88C}"
EndProject
Global
	GlobalSection(SolutionConfigurationPlatforms) = preSolution
		Debug|Any CPU = Debug|Any CPU
		Release|Any CPU = Release|Any CPU
	EndGlobalSection
	GlobalSection(ProjectConfigurationPlatforms) = postSolution
		{94AD7856-5368-4F80-977B-F1F988C8F88C}.Debug|Any CPU.ActiveCfg = Debug|Any CPU
		{94AD7856-5368-4F80-977B-F1F988C8F88C}.Debug|Any CPU.Build.0 = Debug|Any CPU
		{94AD7856-5368-4F80-977B-F1F988C8F88C}.Release|Any CPU.ActiveCfg = Release|Any CPU
		{94AD7856-5368-4F80-977B-F1F988C8F88C}.Release|Any CPU.Build.0 = Release|Any CPU
	EndGlobalSection
	GlobalSection(SolutionProperties) = preSolution
		HideSolutionNode = FALSE
	EndGlobalSection
	GlobalSection(ExtensibilityGlobals) = postSolution
		SolutionGuid = {898C9B03-D5A0-42CC-BFAE-0930CD1A3290}
	EndGlobalSection
EndGlobal
